
Microsoft Visual Studio Solution File, Format Version 12.00
# Visual Studio 2013
VisualStudioVersion = 12.0.31101.0
MinimumVisualStudioVersion = 10.0.40219.1
Project("{2150E333-8FDC-42A3-9474-1A3956D46DE8}") = "MWASAPI", "MWASAPI", "{7658DC6D-FCA0-4D5D-886D-AB76E760907A}"
EndProject
Project("{8BC9CEB8-8B4A-11D0-8D11-00A0C91BC942}") = "MWASAPI.Shared", "MWASAPI\MWASAPI.Shared\MWASAPI.Shared.vcxitems", "{35ED3845-5686-447B-A45E-D831FF9E77B1}"
EndProject
Project("{8BC9CEB8-8B4A-11D0-8D11-00A0C91BC942}") = "MWASAPI.Windows", "MWASAPI\MWASAPI.Windows\MWASAPI.Windows.vcxproj", "{74E04A41-DFC2-4C7B-AAF2-D91311945349}"
EndProject
Project("{8BC9CEB8-8B4A-11D0-8D11-00A0C91BC942}") = "MWASAPI.WindowsPhone", "MWASAPI\MWASAPI.WindowsPhone\MWASAPI.WindowsPhone.vcxproj", "{6C35A016-A74D-4113-B54D-0EEABC89317D}"
EndProject
Project("{2150E333-8FDC-42A3-9474-1A3956D46DE8}") = "MAudio", "MAudio", "{054A7B0D-96E3-4696-9073-238FD10FFC3C}"
EndProject
Project("{D954291E-2A0B-460D-934E-DC6B0785DB48}") = "MAudio.SharedProject", "MAudio\MAudio.SharedProject\MAudio.SharedProject.shproj", "{B29C9C2E-AD21-48C2-BA54-8E32D9D7CE23}"
EndProject
Project("{FAE04EC0-301F-11D3-BF4B-00C04F79EFBC}") = "MAudio.Windows", "MAudio\MAudio.Windows\MAudio.Windows.csproj", "{83EF1E5A-0867-49EF-BFB0-13F1F990B775}"
EndProject
Project("{FAE04EC0-301F-11D3-BF4B-00C04F79EFBC}") = "MAudio.WindowsPhone", "MAudio\MAudio.WindowsPhone\MAudio.WindowsPhone.csproj", "{92EE6C64-4C6D-4823-8690-CC8139AE566D}"
EndProject
Project("{FAE04EC0-301F-11D3-BF4B-00C04F79EFBC}") = "HNet", "HNet\HNet.csproj", "{D136EFCF-A663-473F-8661-0BC477408E57}"
EndProject
Project("{2150E333-8FDC-42A3-9474-1A3956D46DE8}") = "TEngine", "TEngine", "{D5E42A50-D7F3-4903-A038-7EC42203A59F}"
EndProject
Project("{D954291E-2A0B-460D-934E-DC6B0785DB48}") = "TEngine.Shared", "TEngine.Shared\TEngine.Shared.shproj", "{5658FD30-14E9-4604-BC2B-D88EBCD0F83A}"
EndProject
Project("{FAE04EC0-301F-11D3-BF4B-00C04F79EFBC}") = "TEngine.Windows", "TEngine.Windows\TEngine.Windows.csproj", "{B14DAC37-2EBE-44CC-A660-6B9B2EED4C79}"
EndProject
Project("{FAE04EC0-301F-11D3-BF4B-00C04F79EFBC}") = "TEngine.WindowsPhone", "TEngine.WindowsPhone\TEngine.WindowsPhone.csproj", "{83BE2176-0139-4FF1-816B-BC0A15AF553A}"
EndProject
Project("{FAE04EC0-301F-11D3-BF4B-00C04F79EFBC}") = "AMath", "AMath\AMath.csproj", "{6E394E8E-D9DD-4E06-A41B-CA73A6BD08D2}"
EndProject
Project("{2150E333-8FDC-42A3-9474-1A3956D46DE8}") = "SoundHub", "SoundHub", "{89DB3AAB-A21D-4DA7-90C1-D6C3B729D399}"
EndProject
Project("{D954291E-2A0B-460D-934E-DC6B0785DB48}") = "SoundHub.Shared", "SoundHub\SoundHub.Shared\SoundHub.Shared.shproj", "{98225E68-A574-4ACB-8C8F-BE449CD5FE75}"
EndProject
Project("{FAE04EC0-301F-11D3-BF4B-00C04F79EFBC}") = "SoundHubServer.Windows", "SoundHub\SoundHub.Windows\SoundHubServer.Windows.csproj", "{B0A30A27-2571-40B4-8E66-1A21B0271363}"
EndProject
Project("{FAE04EC0-301F-11D3-BF4B-00C04F79EFBC}") = "SoundHubClient.WindowsPhone", "SoundHub\SoundHub.WindowsPhone\SoundHubClient.WindowsPhone.csproj", "{FE214E0A-116C-4FA5-BA43-21BC97FCE83F}"
EndProject
Project("{FAE04EC0-301F-11D3-BF4B-00C04F79EFBC}") = "SoundHubClient.Windows", "SoundHub\SoundHubClient.Windows\SoundHubClient.Windows.csproj", "{7D826D03-DC30-414B-8093-51557FF40C1F}"
EndProject
Global
	GlobalSection(SharedMSBuildProjectFiles) = preSolution
		SoundHub\SoundHub.Shared\SoundHub.Shared.projitems*{98225e68-a574-4acb-8c8f-be449cd5fe75}*SharedItemsImports = 13
		SoundHub\SoundHub.Shared\SoundHub.Shared.projitems*{b0a30a27-2571-40b4-8e66-1a21b0271363}*SharedItemsImports = 4
		MAudio\MAudio.SharedProject\MAudio.SharedProject.projitems*{b29c9c2e-ad21-48c2-ba54-8e32d9d7ce23}*SharedItemsImports = 13
		MAudio\MAudio.SharedProject\MAudio.SharedProject.projitems*{83ef1e5a-0867-49ef-bfb0-13f1f990b775}*SharedItemsImports = 4
		TEngine.Shared\TEngine.Shared.projitems*{5658fd30-14e9-4604-bc2b-d88ebcd0f83a}*SharedItemsImports = 13
		MWASAPI\MWASAPI.Shared\MWASAPI.Shared.vcxitems*{35ed3845-5686-447b-a45e-d831ff9e77b1}*SharedItemsImports = 9
		MWASAPI\MWASAPI.Shared\MWASAPI.Shared.vcxitems*{6c35a016-a74d-4113-b54d-0eeabc89317d}*SharedItemsImports = 4
		SoundHub\SoundHub.Shared\SoundHub.Shared.projitems*{fe214e0a-116c-4fa5-ba43-21bc97fce83f}*SharedItemsImports = 4
		SoundHub\SoundHub.Shared\SoundHub.Shared.projitems*{7d826d03-dc30-414b-8093-51557ff40c1f}*SharedItemsImports = 4
		TEngine.Shared\TEngine.Shared.projitems*{b14dac37-2ebe-44cc-a660-6b9b2eed4c79}*SharedItemsImports = 4
		MAudio\MAudio.SharedProject\MAudio.SharedProject.projitems*{92ee6c64-4c6d-4823-8690-cc8139ae566d}*SharedItemsImports = 4
		TEngine.Shared\TEngine.Shared.projitems*{83be2176-0139-4ff1-816b-bc0a15af553a}*SharedItemsImports = 4
		MWASAPI\MWASAPI.Shared\MWASAPI.Shared.vcxitems*{74e04a41-dfc2-4c7b-aaf2-d91311945349}*SharedItemsImports = 4
	EndGlobalSection
	GlobalSection(SolutionConfigurationPlatforms) = preSolution
		Debug|Any CPU = Debug|Any CPU
		Debug|ARM = Debug|ARM
		Debug|Mixed Platforms = Debug|Mixed Platforms
		Debug|Win32 = Debug|Win32
		Debug|x64 = Debug|x64
		Debug|x86 = Debug|x86
		DebugARMPhone|Any CPU = DebugARMPhone|Any CPU
		DebugARMPhone|ARM = DebugARMPhone|ARM
		DebugARMPhone|Mixed Platforms = DebugARMPhone|Mixed Platforms
		DebugARMPhone|Win32 = DebugARMPhone|Win32
		DebugARMPhone|x64 = DebugARMPhone|x64
		DebugARMPhone|x86 = DebugARMPhone|x86
		Release|Any CPU = Release|Any CPU
		Release|ARM = Release|ARM
		Release|Mixed Platforms = Release|Mixed Platforms
		Release|Win32 = Release|Win32
		Release|x64 = Release|x64
		Release|x86 = Release|x86
	EndGlobalSection
	GlobalSection(ProjectConfigurationPlatforms) = postSolution
		{74E04A41-DFC2-4C7B-AAF2-D91311945349}.Debug|Any CPU.ActiveCfg = Debug|Win32
		{74E04A41-DFC2-4C7B-AAF2-D91311945349}.Debug|ARM.ActiveCfg = Debug|ARM
		{74E04A41-DFC2-4C7B-AAF2-D91311945349}.Debug|ARM.Build.0 = Debug|ARM
		{74E04A41-DFC2-4C7B-AAF2-D91311945349}.Debug|Mixed Platforms.ActiveCfg = Debug|Win32
		{74E04A41-DFC2-4C7B-AAF2-D91311945349}.Debug|Mixed Platforms.Build.0 = Debug|Win32
		{74E04A41-DFC2-4C7B-AAF2-D91311945349}.Debug|Win32.ActiveCfg = Debug|Win32
		{74E04A41-DFC2-4C7B-AAF2-D91311945349}.Debug|Win32.Build.0 = Debug|Win32
		{74E04A41-DFC2-4C7B-AAF2-D91311945349}.Debug|x64.ActiveCfg = Debug|x64
		{74E04A41-DFC2-4C7B-AAF2-D91311945349}.Debug|x64.Build.0 = Debug|x64
		{74E04A41-DFC2-4C7B-AAF2-D91311945349}.Debug|x86.ActiveCfg = Debug|Win32
		{74E04A41-DFC2-4C7B-AAF2-D91311945349}.Debug|x86.Build.0 = Debug|Win32
		{74E04A41-DFC2-4C7B-AAF2-D91311945349}.DebugARMPhone|Any CPU.ActiveCfg = Debug|Win32
		{74E04A41-DFC2-4C7B-AAF2-D91311945349}.DebugARMPhone|ARM.ActiveCfg = Debug|ARM
		{74E04A41-DFC2-4C7B-AAF2-D91311945349}.DebugARMPhone|ARM.Build.0 = Debug|ARM
		{74E04A41-DFC2-4C7B-AAF2-D91311945349}.DebugARMPhone|Mixed Platforms.ActiveCfg = Debug|Win32
		{74E04A41-DFC2-4C7B-AAF2-D91311945349}.DebugARMPhone|Mixed Platforms.Build.0 = Debug|Win32
		{74E04A41-DFC2-4C7B-AAF2-D91311945349}.DebugARMPhone|Win32.ActiveCfg = Debug|Win32
		{74E04A41-DFC2-4C7B-AAF2-D91311945349}.DebugARMPhone|Win32.Build.0 = Debug|Win32
		{74E04A41-DFC2-4C7B-AAF2-D91311945349}.DebugARMPhone|x64.ActiveCfg = Debug|x64
		{74E04A41-DFC2-4C7B-AAF2-D91311945349}.DebugARMPhone|x64.Build.0 = Debug|x64
		{74E04A41-DFC2-4C7B-AAF2-D91311945349}.DebugARMPhone|x86.ActiveCfg = Debug|Win32
		{74E04A41-DFC2-4C7B-AAF2-D91311945349}.DebugARMPhone|x86.Build.0 = Debug|Win32
		{74E04A41-DFC2-4C7B-AAF2-D91311945349}.Release|Any CPU.ActiveCfg = Release|Win32
		{74E04A41-DFC2-4C7B-AAF2-D91311945349}.Release|ARM.ActiveCfg = Release|ARM
		{74E04A41-DFC2-4C7B-AAF2-D91311945349}.Release|ARM.Build.0 = Release|ARM
		{74E04A41-DFC2-4C7B-AAF2-D91311945349}.Release|Mixed Platforms.ActiveCfg = Release|Win32
		{74E04A41-DFC2-4C7B-AAF2-D91311945349}.Release|Mixed Platforms.Build.0 = Release|Win32
		{74E04A41-DFC2-4C7B-AAF2-D91311945349}.Release|Win32.ActiveCfg = Release|Win32
		{74E04A41-DFC2-4C7B-AAF2-D91311945349}.Release|Win32.Build.0 = Release|Win32
		{74E04A41-DFC2-4C7B-AAF2-D91311945349}.Release|x64.ActiveCfg = Release|x64
		{74E04A41-DFC2-4C7B-AAF2-D91311945349}.Release|x64.Build.0 = Release|x64
		{74E04A41-DFC2-4C7B-AAF2-D91311945349}.Release|x86.ActiveCfg = Release|Win32
		{74E04A41-DFC2-4C7B-AAF2-D91311945349}.Release|x86.Build.0 = Release|Win32
		{6C35A016-A74D-4113-B54D-0EEABC89317D}.Debug|Any CPU.ActiveCfg = Debug|Win32
		{6C35A016-A74D-4113-B54D-0EEABC89317D}.Debug|ARM.ActiveCfg = Debug|ARM
		{6C35A016-A74D-4113-B54D-0EEABC89317D}.Debug|ARM.Build.0 = Debug|ARM
		{6C35A016-A74D-4113-B54D-0EEABC89317D}.Debug|Mixed Platforms.ActiveCfg = Debug|Win32
		{6C35A016-A74D-4113-B54D-0EEABC89317D}.Debug|Mixed Platforms.Build.0 = Debug|Win32
		{6C35A016-A74D-4113-B54D-0EEABC89317D}.Debug|Win32.ActiveCfg = Debug|Win32
		{6C35A016-A74D-4113-B54D-0EEABC89317D}.Debug|Win32.Build.0 = Debug|Win32
		{6C35A016-A74D-4113-B54D-0EEABC89317D}.Debug|x64.ActiveCfg = Debug|Win32
		{6C35A016-A74D-4113-B54D-0EEABC89317D}.Debug|x86.ActiveCfg = Debug|Win32
		{6C35A016-A74D-4113-B54D-0EEABC89317D}.Debug|x86.Build.0 = Debug|Win32
		{6C35A016-A74D-4113-B54D-0EEABC89317D}.DebugARMPhone|Any CPU.ActiveCfg = Debug|Win32
		{6C35A016-A74D-4113-B54D-0EEABC89317D}.DebugARMPhone|ARM.ActiveCfg = Debug|ARM
		{6C35A016-A74D-4113-B54D-0EEABC89317D}.DebugARMPhone|ARM.Build.0 = Debug|ARM
		{6C35A016-A74D-4113-B54D-0EEABC89317D}.DebugARMPhone|Mixed Platforms.ActiveCfg = Debug|ARM
		{6C35A016-A74D-4113-B54D-0EEABC89317D}.DebugARMPhone|Mixed Platforms.Build.0 = Debug|ARM
		{6C35A016-A74D-4113-B54D-0EEABC89317D}.DebugARMPhone|Win32.ActiveCfg = Debug|Win32
		{6C35A016-A74D-4113-B54D-0EEABC89317D}.DebugARMPhone|Win32.Build.0 = Debug|Win32
		{6C35A016-A74D-4113-B54D-0EEABC89317D}.DebugARMPhone|x64.ActiveCfg = Debug|Win32
		{6C35A016-A74D-4113-B54D-0EEABC89317D}.DebugARMPhone|x86.ActiveCfg = Debug|Win32
		{6C35A016-A74D-4113-B54D-0EEABC89317D}.DebugARMPhone|x86.Build.0 = Debug|Win32
		{6C35A016-A74D-4113-B54D-0EEABC89317D}.Release|Any CPU.ActiveCfg = Release|Win32
		{6C35A016-A74D-4113-B54D-0EEABC89317D}.Release|ARM.ActiveCfg = Release|ARM
		{6C35A016-A74D-4113-B54D-0EEABC89317D}.Release|ARM.Build.0 = Release|ARM
		{6C35A016-A74D-4113-B54D-0EEABC89317D}.Release|Mixed Platforms.ActiveCfg = Release|ARM
		{6C35A016-A74D-4113-B54D-0EEABC89317D}.Release|Mixed Platforms.Build.0 = Release|ARM
		{6C35A016-A74D-4113-B54D-0EEABC89317D}.Release|Win32.ActiveCfg = Release|Win32
		{6C35A016-A74D-4113-B54D-0EEABC89317D}.Release|Win32.Build.0 = Release|Win32
		{6C35A016-A74D-4113-B54D-0EEABC89317D}.Release|x64.ActiveCfg = Release|Win32
		{6C35A016-A74D-4113-B54D-0EEABC89317D}.Release|x86.ActiveCfg = Release|Win32
		{6C35A016-A74D-4113-B54D-0EEABC89317D}.Release|x86.Build.0 = Release|Win32
		{83EF1E5A-0867-49EF-BFB0-13F1F990B775}.Debug|Any CPU.ActiveCfg = Debug|Any CPU
		{83EF1E5A-0867-49EF-BFB0-13F1F990B775}.Debug|Any CPU.Build.0 = Debug|Any CPU
		{83EF1E5A-0867-49EF-BFB0-13F1F990B775}.Debug|ARM.ActiveCfg = Debug|ARM
		{83EF1E5A-0867-49EF-BFB0-13F1F990B775}.Debug|ARM.Build.0 = Debug|ARM
		{83EF1E5A-0867-49EF-BFB0-13F1F990B775}.Debug|Mixed Platforms.ActiveCfg = Debug|x86
		{83EF1E5A-0867-49EF-BFB0-13F1F990B775}.Debug|Mixed Platforms.Build.0 = Debug|x86
		{83EF1E5A-0867-49EF-BFB0-13F1F990B775}.Debug|Win32.ActiveCfg = Debug|x86
		{83EF1E5A-0867-49EF-BFB0-13F1F990B775}.Debug|Win32.Build.0 = Debug|x86
		{83EF1E5A-0867-49EF-BFB0-13F1F990B775}.Debug|x64.ActiveCfg = Debug|x64
		{83EF1E5A-0867-49EF-BFB0-13F1F990B775}.Debug|x64.Build.0 = Debug|x64
		{83EF1E5A-0867-49EF-BFB0-13F1F990B775}.Debug|x86.ActiveCfg = Debug|x86
		{83EF1E5A-0867-49EF-BFB0-13F1F990B775}.Debug|x86.Build.0 = Debug|x86
		{83EF1E5A-0867-49EF-BFB0-13F1F990B775}.DebugARMPhone|Any CPU.ActiveCfg = Debug|Any CPU
		{83EF1E5A-0867-49EF-BFB0-13F1F990B775}.DebugARMPhone|Any CPU.Build.0 = Debug|Any CPU
		{83EF1E5A-0867-49EF-BFB0-13F1F990B775}.DebugARMPhone|ARM.ActiveCfg = Debug|ARM
		{83EF1E5A-0867-49EF-BFB0-13F1F990B775}.DebugARMPhone|ARM.Build.0 = Debug|ARM
		{83EF1E5A-0867-49EF-BFB0-13F1F990B775}.DebugARMPhone|Mixed Platforms.ActiveCfg = Debug|x86
		{83EF1E5A-0867-49EF-BFB0-13F1F990B775}.DebugARMPhone|Mixed Platforms.Build.0 = Debug|x86
		{83EF1E5A-0867-49EF-BFB0-13F1F990B775}.DebugARMPhone|Win32.ActiveCfg = Debug|x86
		{83EF1E5A-0867-49EF-BFB0-13F1F990B775}.DebugARMPhone|Win32.Build.0 = Debug|x86
		{83EF1E5A-0867-49EF-BFB0-13F1F990B775}.DebugARMPhone|x64.ActiveCfg = Debug|x64
		{83EF1E5A-0867-49EF-BFB0-13F1F990B775}.DebugARMPhone|x64.Build.0 = Debug|x64
		{83EF1E5A-0867-49EF-BFB0-13F1F990B775}.DebugARMPhone|x86.ActiveCfg = Debug|x86
		{83EF1E5A-0867-49EF-BFB0-13F1F990B775}.DebugARMPhone|x86.Build.0 = Debug|x86
		{83EF1E5A-0867-49EF-BFB0-13F1F990B775}.Release|Any CPU.ActiveCfg = Release|Any CPU
		{83EF1E5A-0867-49EF-BFB0-13F1F990B775}.Release|Any CPU.Build.0 = Release|Any CPU
		{83EF1E5A-0867-49EF-BFB0-13F1F990B775}.Release|ARM.ActiveCfg = Release|ARM
		{83EF1E5A-0867-49EF-BFB0-13F1F990B775}.Release|ARM.Build.0 = Release|ARM
		{83EF1E5A-0867-49EF-BFB0-13F1F990B775}.Release|Mixed Platforms.ActiveCfg = Release|x86
		{83EF1E5A-0867-49EF-BFB0-13F1F990B775}.Release|Mixed Platforms.Build.0 = Release|x86
		{83EF1E5A-0867-49EF-BFB0-13F1F990B775}.Release|Win32.ActiveCfg = Release|x86
		{83EF1E5A-0867-49EF-BFB0-13F1F990B775}.Release|Win32.Build.0 = Release|x86
		{83EF1E5A-0867-49EF-BFB0-13F1F990B775}.Release|x64.ActiveCfg = Release|x64
		{83EF1E5A-0867-49EF-BFB0-13F1F990B775}.Release|x64.Build.0 = Release|x64
		{83EF1E5A-0867-49EF-BFB0-13F1F990B775}.Release|x86.ActiveCfg = Release|x86
		{83EF1E5A-0867-49EF-BFB0-13F1F990B775}.Release|x86.Build.0 = Release|x86
		{92EE6C64-4C6D-4823-8690-CC8139AE566D}.Debug|Any CPU.ActiveCfg = Debug|Any CPU
		{92EE6C64-4C6D-4823-8690-CC8139AE566D}.Debug|Any CPU.Build.0 = Debug|Any CPU
		{92EE6C64-4C6D-4823-8690-CC8139AE566D}.Debug|ARM.ActiveCfg = Debug|ARM
		{92EE6C64-4C6D-4823-8690-CC8139AE566D}.Debug|ARM.Build.0 = Debug|ARM
		{92EE6C64-4C6D-4823-8690-CC8139AE566D}.Debug|Mixed Platforms.ActiveCfg = Debug|x86
		{92EE6C64-4C6D-4823-8690-CC8139AE566D}.Debug|Mixed Platforms.Build.0 = Debug|x86
		{92EE6C64-4C6D-4823-8690-CC8139AE566D}.Debug|Win32.ActiveCfg = Debug|x86
		{92EE6C64-4C6D-4823-8690-CC8139AE566D}.Debug|Win32.Build.0 = Debug|x86
		{92EE6C64-4C6D-4823-8690-CC8139AE566D}.Debug|x64.ActiveCfg = Debug|Any CPU
		{92EE6C64-4C6D-4823-8690-CC8139AE566D}.Debug|x86.ActiveCfg = Debug|x86
		{92EE6C64-4C6D-4823-8690-CC8139AE566D}.Debug|x86.Build.0 = Debug|x86
		{92EE6C64-4C6D-4823-8690-CC8139AE566D}.DebugARMPhone|Any CPU.ActiveCfg = Debug|Any CPU
		{92EE6C64-4C6D-4823-8690-CC8139AE566D}.DebugARMPhone|Any CPU.Build.0 = Debug|Any CPU
		{92EE6C64-4C6D-4823-8690-CC8139AE566D}.DebugARMPhone|ARM.ActiveCfg = Debug|ARM
		{92EE6C64-4C6D-4823-8690-CC8139AE566D}.DebugARMPhone|ARM.Build.0 = Debug|ARM
		{92EE6C64-4C6D-4823-8690-CC8139AE566D}.DebugARMPhone|Mixed Platforms.ActiveCfg = Debug|ARM
		{92EE6C64-4C6D-4823-8690-CC8139AE566D}.DebugARMPhone|Mixed Platforms.Build.0 = Debug|ARM
		{92EE6C64-4C6D-4823-8690-CC8139AE566D}.DebugARMPhone|Win32.ActiveCfg = Debug|x86
		{92EE6C64-4C6D-4823-8690-CC8139AE566D}.DebugARMPhone|Win32.Build.0 = Debug|x86
		{92EE6C64-4C6D-4823-8690-CC8139AE566D}.DebugARMPhone|x64.ActiveCfg = Debug|Any CPU
		{92EE6C64-4C6D-4823-8690-CC8139AE566D}.DebugARMPhone|x86.ActiveCfg = Debug|x86
		{92EE6C64-4C6D-4823-8690-CC8139AE566D}.DebugARMPhone|x86.Build.0 = Debug|x86
		{92EE6C64-4C6D-4823-8690-CC8139AE566D}.Release|Any CPU.ActiveCfg = Release|Any CPU
		{92EE6C64-4C6D-4823-8690-CC8139AE566D}.Release|Any CPU.Build.0 = Release|Any CPU
		{92EE6C64-4C6D-4823-8690-CC8139AE566D}.Release|ARM.ActiveCfg = Release|ARM
		{92EE6C64-4C6D-4823-8690-CC8139AE566D}.Release|ARM.Build.0 = Release|ARM
		{92EE6C64-4C6D-4823-8690-CC8139AE566D}.Release|Mixed Platforms.ActiveCfg = Release|ARM
		{92EE6C64-4C6D-4823-8690-CC8139AE566D}.Release|Mixed Platforms.Build.0 = Release|ARM
		{92EE6C64-4C6D-4823-8690-CC8139AE566D}.Release|Win32.ActiveCfg = Release|x86
		{92EE6C64-4C6D-4823-8690-CC8139AE566D}.Release|Win32.Build.0 = Release|x86
		{92EE6C64-4C6D-4823-8690-CC8139AE566D}.Release|x64.ActiveCfg = Release|Any CPU
		{92EE6C64-4C6D-4823-8690-CC8139AE566D}.Release|x86.ActiveCfg = Release|x86
		{92EE6C64-4C6D-4823-8690-CC8139AE566D}.Release|x86.Build.0 = Release|x86
		{D136EFCF-A663-473F-8661-0BC477408E57}.Debug|Any CPU.ActiveCfg = Debug|Any CPU
		{D136EFCF-A663-473F-8661-0BC477408E57}.Debug|Any CPU.Build.0 = Debug|Any CPU
		{D136EFCF-A663-473F-8661-0BC477408E57}.Debug|ARM.ActiveCfg = Debug|Any CPU
		{D136EFCF-A663-473F-8661-0BC477408E57}.Debug|Mixed Platforms.ActiveCfg = Debug|Any CPU
		{D136EFCF-A663-473F-8661-0BC477408E57}.Debug|Mixed Platforms.Build.0 = Debug|Any CPU
		{D136EFCF-A663-473F-8661-0BC477408E57}.Debug|Win32.ActiveCfg = Debug|Any CPU
		{D136EFCF-A663-473F-8661-0BC477408E57}.Debug|x64.ActiveCfg = Debug|Any CPU
		{D136EFCF-A663-473F-8661-0BC477408E57}.Debug|x86.ActiveCfg = Debug|Any CPU
		{D136EFCF-A663-473F-8661-0BC477408E57}.Debug|x86.Build.0 = Debug|Any CPU
		{D136EFCF-A663-473F-8661-0BC477408E57}.DebugARMPhone|Any CPU.ActiveCfg = Debug|Any CPU
		{D136EFCF-A663-473F-8661-0BC477408E57}.DebugARMPhone|Any CPU.Build.0 = Debug|Any CPU
		{D136EFCF-A663-473F-8661-0BC477408E57}.DebugARMPhone|ARM.ActiveCfg = Debug|Any CPU
		{D136EFCF-A663-473F-8661-0BC477408E57}.DebugARMPhone|Mixed Platforms.ActiveCfg = Debug|Any CPU
		{D136EFCF-A663-473F-8661-0BC477408E57}.DebugARMPhone|Mixed Platforms.Build.0 = Debug|Any CPU
		{D136EFCF-A663-473F-8661-0BC477408E57}.DebugARMPhone|Win32.ActiveCfg = Debug|Any CPU
		{D136EFCF-A663-473F-8661-0BC477408E57}.DebugARMPhone|x64.ActiveCfg = Debug|Any CPU
		{D136EFCF-A663-473F-8661-0BC477408E57}.DebugARMPhone|x86.ActiveCfg = Debug|Any CPU
		{D136EFCF-A663-473F-8661-0BC477408E57}.Release|Any CPU.ActiveCfg = Release|Any CPU
		{D136EFCF-A663-473F-8661-0BC477408E57}.Release|Any CPU.Build.0 = Release|Any CPU
		{D136EFCF-A663-473F-8661-0BC477408E57}.Release|ARM.ActiveCfg = Release|Any CPU
		{D136EFCF-A663-473F-8661-0BC477408E57}.Release|ARM.Build.0 = Release|Any CPU
		{D136EFCF-A663-473F-8661-0BC477408E57}.Release|Mixed Platforms.ActiveCfg = Release|Any CPU
		{D136EFCF-A663-473F-8661-0BC477408E57}.Release|Mixed Platforms.Build.0 = Release|Any CPU
		{D136EFCF-A663-473F-8661-0BC477408E57}.Release|Win32.ActiveCfg = Release|Any CPU
		{D136EFCF-A663-473F-8661-0BC477408E57}.Release|Win32.Build.0 = Release|Any CPU
		{D136EFCF-A663-473F-8661-0BC477408E57}.Release|x64.ActiveCfg = Release|Any CPU
		{D136EFCF-A663-473F-8661-0BC477408E57}.Release|x64.Build.0 = Release|Any CPU
		{D136EFCF-A663-473F-8661-0BC477408E57}.Release|x86.ActiveCfg = Release|Any CPU
		{D136EFCF-A663-473F-8661-0BC477408E57}.Release|x86.Build.0 = Release|Any CPU
		{B14DAC37-2EBE-44CC-A660-6B9B2EED4C79}.Debug|Any CPU.ActiveCfg = Debug|Any CPU
		{B14DAC37-2EBE-44CC-A660-6B9B2EED4C79}.Debug|Any CPU.Build.0 = Debug|Any CPU
		{B14DAC37-2EBE-44CC-A660-6B9B2EED4C79}.Debug|ARM.ActiveCfg = Debug|ARM
		{B14DAC37-2EBE-44CC-A660-6B9B2EED4C79}.Debug|ARM.Build.0 = Debug|ARM
		{B14DAC37-2EBE-44CC-A660-6B9B2EED4C79}.Debug|Mixed Platforms.ActiveCfg = Debug|x86
		{B14DAC37-2EBE-44CC-A660-6B9B2EED4C79}.Debug|Mixed Platforms.Build.0 = Debug|x86
		{B14DAC37-2EBE-44CC-A660-6B9B2EED4C79}.Debug|Win32.ActiveCfg = Debug|x86
		{B14DAC37-2EBE-44CC-A660-6B9B2EED4C79}.Debug|Win32.Build.0 = Debug|x86
		{B14DAC37-2EBE-44CC-A660-6B9B2EED4C79}.Debug|x64.ActiveCfg = Debug|x64
		{B14DAC37-2EBE-44CC-A660-6B9B2EED4C79}.Debug|x64.Build.0 = Debug|x64
		{B14DAC37-2EBE-44CC-A660-6B9B2EED4C79}.Debug|x86.ActiveCfg = Debug|x86
		{B14DAC37-2EBE-44CC-A660-6B9B2EED4C79}.Debug|x86.Build.0 = Debug|x86
		{B14DAC37-2EBE-44CC-A660-6B9B2EED4C79}.DebugARMPhone|Any CPU.ActiveCfg = Debug|Any CPU
		{B14DAC37-2EBE-44CC-A660-6B9B2EED4C79}.DebugARMPhone|Any CPU.Build.0 = Debug|Any CPU
		{B14DAC37-2EBE-44CC-A660-6B9B2EED4C79}.DebugARMPhone|ARM.ActiveCfg = Debug|ARM
		{B14DAC37-2EBE-44CC-A660-6B9B2EED4C79}.DebugARMPhone|ARM.Build.0 = Debug|ARM
		{B14DAC37-2EBE-44CC-A660-6B9B2EED4C79}.DebugARMPhone|Mixed Platforms.ActiveCfg = Debug|x86
		{B14DAC37-2EBE-44CC-A660-6B9B2EED4C79}.DebugARMPhone|Mixed Platforms.Build.0 = Debug|x86
		{B14DAC37-2EBE-44CC-A660-6B9B2EED4C79}.DebugARMPhone|Win32.ActiveCfg = Debug|x86
		{B14DAC37-2EBE-44CC-A660-6B9B2EED4C79}.DebugARMPhone|Win32.Build.0 = Debug|x86
		{B14DAC37-2EBE-44CC-A660-6B9B2EED4C79}.DebugARMPhone|x64.ActiveCfg = Debug|x64
		{B14DAC37-2EBE-44CC-A660-6B9B2EED4C79}.DebugARMPhone|x64.Build.0 = Debug|x64
		{B14DAC37-2EBE-44CC-A660-6B9B2EED4C79}.DebugARMPhone|x86.ActiveCfg = Debug|x86
		{B14DAC37-2EBE-44CC-A660-6B9B2EED4C79}.DebugARMPhone|x86.Build.0 = Debug|x86
		{B14DAC37-2EBE-44CC-A660-6B9B2EED4C79}.Release|Any CPU.ActiveCfg = Release|Any CPU
		{B14DAC37-2EBE-44CC-A660-6B9B2EED4C79}.Release|Any CPU.Build.0 = Release|Any CPU
		{B14DAC37-2EBE-44CC-A660-6B9B2EED4C79}.Release|ARM.ActiveCfg = Release|ARM
		{B14DAC37-2EBE-44CC-A660-6B9B2EED4C79}.Release|ARM.Build.0 = Release|ARM
		{B14DAC37-2EBE-44CC-A660-6B9B2EED4C79}.Release|Mixed Platforms.ActiveCfg = Release|x86
		{B14DAC37-2EBE-44CC-A660-6B9B2EED4C79}.Release|Mixed Platforms.Build.0 = Release|x86
		{B14DAC37-2EBE-44CC-A660-6B9B2EED4C79}.Release|Win32.ActiveCfg = Release|x86
		{B14DAC37-2EBE-44CC-A660-6B9B2EED4C79}.Release|Win32.Build.0 = Release|x86
		{B14DAC37-2EBE-44CC-A660-6B9B2EED4C79}.Release|x64.ActiveCfg = Release|x64
		{B14DAC37-2EBE-44CC-A660-6B9B2EED4C79}.Release|x64.Build.0 = Release|x64
		{B14DAC37-2EBE-44CC-A660-6B9B2EED4C79}.Release|x86.ActiveCfg = Release|x86
		{B14DAC37-2EBE-44CC-A660-6B9B2EED4C79}.Release|x86.Build.0 = Release|x86
		{83BE2176-0139-4FF1-816B-BC0A15AF553A}.Debug|Any CPU.ActiveCfg = Debug|Any CPU
		{83BE2176-0139-4FF1-816B-BC0A15AF553A}.Debug|Any CPU.Build.0 = Debug|Any CPU
		{83BE2176-0139-4FF1-816B-BC0A15AF553A}.Debug|ARM.ActiveCfg = Debug|ARM
		{83BE2176-0139-4FF1-816B-BC0A15AF553A}.Debug|ARM.Build.0 = Debug|ARM
		{83BE2176-0139-4FF1-816B-BC0A15AF553A}.Debug|Mixed Platforms.ActiveCfg = Debug|x86
		{83BE2176-0139-4FF1-816B-BC0A15AF553A}.Debug|Mixed Platforms.Build.0 = Debug|x86
		{83BE2176-0139-4FF1-816B-BC0A15AF553A}.Debug|Win32.ActiveCfg = Debug|x86
		{83BE2176-0139-4FF1-816B-BC0A15AF553A}.Debug|Win32.Build.0 = Debug|x86
		{83BE2176-0139-4FF1-816B-BC0A15AF553A}.Debug|x64.ActiveCfg = Debug|Any CPU
		{83BE2176-0139-4FF1-816B-BC0A15AF553A}.Debug|x86.ActiveCfg = Debug|x86
		{83BE2176-0139-4FF1-816B-BC0A15AF553A}.Debug|x86.Build.0 = Debug|x86
		{83BE2176-0139-4FF1-816B-BC0A15AF553A}.DebugARMPhone|Any CPU.ActiveCfg = Debug|Any CPU
		{83BE2176-0139-4FF1-816B-BC0A15AF553A}.DebugARMPhone|Any CPU.Build.0 = Debug|Any CPU
		{83BE2176-0139-4FF1-816B-BC0A15AF553A}.DebugARMPhone|ARM.ActiveCfg = Debug|ARM
		{83BE2176-0139-4FF1-816B-BC0A15AF553A}.DebugARMPhone|ARM.Build.0 = Debug|ARM
		{83BE2176-0139-4FF1-816B-BC0A15AF553A}.DebugARMPhone|Mixed Platforms.ActiveCfg = Debug|ARM
		{83BE2176-0139-4FF1-816B-BC0A15AF553A}.DebugARMPhone|Mixed Platforms.Build.0 = Debug|ARM
		{83BE2176-0139-4FF1-816B-BC0A15AF553A}.DebugARMPhone|Win32.ActiveCfg = Debug|x86
		{83BE2176-0139-4FF1-816B-BC0A15AF553A}.DebugARMPhone|Win32.Build.0 = Debug|x86
		{83BE2176-0139-4FF1-816B-BC0A15AF553A}.DebugARMPhone|x64.ActiveCfg = Debug|Any CPU
		{83BE2176-0139-4FF1-816B-BC0A15AF553A}.DebugARMPhone|x86.ActiveCfg = Debug|x86
		{83BE2176-0139-4FF1-816B-BC0A15AF553A}.DebugARMPhone|x86.Build.0 = Debug|x86
		{83BE2176-0139-4FF1-816B-BC0A15AF553A}.Release|Any CPU.ActiveCfg = Release|Any CPU
		{83BE2176-0139-4FF1-816B-BC0A15AF553A}.Release|Any CPU.Build.0 = Release|Any CPU
		{83BE2176-0139-4FF1-816B-BC0A15AF553A}.Release|ARM.ActiveCfg = Release|ARM
		{83BE2176-0139-4FF1-816B-BC0A15AF553A}.Release|ARM.Build.0 = Release|ARM
		{83BE2176-0139-4FF1-816B-BC0A15AF553A}.Release|Mixed Platforms.ActiveCfg = Release|ARM
		{83BE2176-0139-4FF1-816B-BC0A15AF553A}.Release|Mixed Platforms.Build.0 = Release|ARM
		{83BE2176-0139-4FF1-816B-BC0A15AF553A}.Release|Win32.ActiveCfg = Release|x86
		{83BE2176-0139-4FF1-816B-BC0A15AF553A}.Release|Win32.Build.0 = Release|x86
		{83BE2176-0139-4FF1-816B-BC0A15AF553A}.Release|x64.ActiveCfg = Release|Any CPU
		{83BE2176-0139-4FF1-816B-BC0A15AF553A}.Release|x86.ActiveCfg = Release|x86
		{83BE2176-0139-4FF1-816B-BC0A15AF553A}.Release|x86.Build.0 = Release|x86
		{6E394E8E-D9DD-4E06-A41B-CA73A6BD08D2}.Debug|Any CPU.ActiveCfg = Debug|Any CPU
		{6E394E8E-D9DD-4E06-A41B-CA73A6BD08D2}.Debug|Any CPU.Build.0 = Debug|Any CPU
		{6E394E8E-D9DD-4E06-A41B-CA73A6BD08D2}.Debug|ARM.ActiveCfg = Debug|Any CPU
		{6E394E8E-D9DD-4E06-A41B-CA73A6BD08D2}.Debug|Mixed Platforms.ActiveCfg = Debug|Any CPU
		{6E394E8E-D9DD-4E06-A41B-CA73A6BD08D2}.Debug|Mixed Platforms.Build.0 = Debug|Any CPU
		{6E394E8E-D9DD-4E06-A41B-CA73A6BD08D2}.Debug|Win32.ActiveCfg = Debug|Any CPU
		{6E394E8E-D9DD-4E06-A41B-CA73A6BD08D2}.Debug|x64.ActiveCfg = Debug|Any CPU
		{6E394E8E-D9DD-4E06-A41B-CA73A6BD08D2}.Debug|x86.ActiveCfg = Debug|Any CPU
		{6E394E8E-D9DD-4E06-A41B-CA73A6BD08D2}.Debug|x86.Build.0 = Debug|Any CPU
		{6E394E8E-D9DD-4E06-A41B-CA73A6BD08D2}.DebugARMPhone|Any CPU.ActiveCfg = Debug|Any CPU
		{6E394E8E-D9DD-4E06-A41B-CA73A6BD08D2}.DebugARMPhone|Any CPU.Build.0 = Debug|Any CPU
		{6E394E8E-D9DD-4E06-A41B-CA73A6BD08D2}.DebugARMPhone|ARM.ActiveCfg = Debug|Any CPU
		{6E394E8E-D9DD-4E06-A41B-CA73A6BD08D2}.DebugARMPhone|Mixed Platforms.ActiveCfg = Debug|Any CPU
		{6E394E8E-D9DD-4E06-A41B-CA73A6BD08D2}.DebugARMPhone|Mixed Platforms.Build.0 = Debug|Any CPU
		{6E394E8E-D9DD-4E06-A41B-CA73A6BD08D2}.DebugARMPhone|Win32.ActiveCfg = Debug|Any CPU
		{6E394E8E-D9DD-4E06-A41B-CA73A6BD08D2}.DebugARMPhone|x64.ActiveCfg = Debug|Any CPU
		{6E394E8E-D9DD-4E06-A41B-CA73A6BD08D2}.DebugARMPhone|x86.ActiveCfg = Debug|Any CPU
		{6E394E8E-D9DD-4E06-A41B-CA73A6BD08D2}.Release|Any CPU.ActiveCfg = Release|Any CPU
		{6E394E8E-D9DD-4E06-A41B-CA73A6BD08D2}.Release|Any CPU.Build.0 = Release|Any CPU
		{6E394E8E-D9DD-4E06-A41B-CA73A6BD08D2}.Release|ARM.ActiveCfg = Release|Any CPU
		{6E394E8E-D9DD-4E06-A41B-CA73A6BD08D2}.Release|ARM.Build.0 = Release|Any CPU
		{6E394E8E-D9DD-4E06-A41B-CA73A6BD08D2}.Release|Mixed Platforms.ActiveCfg = Release|Any CPU
		{6E394E8E-D9DD-4E06-A41B-CA73A6BD08D2}.Release|Mixed Platforms.Build.0 = Release|Any CPU
		{6E394E8E-D9DD-4E06-A41B-CA73A6BD08D2}.Release|Win32.ActiveCfg = Release|Any CPU
		{6E394E8E-D9DD-4E06-A41B-CA73A6BD08D2}.Release|Win32.Build.0 = Release|Any CPU
		{6E394E8E-D9DD-4E06-A41B-CA73A6BD08D2}.Release|x64.ActiveCfg = Release|Any CPU
		{6E394E8E-D9DD-4E06-A41B-CA73A6BD08D2}.Release|x64.Build.0 = Release|Any CPU
		{6E394E8E-D9DD-4E06-A41B-CA73A6BD08D2}.Release|x86.ActiveCfg = Release|Any CPU
		{6E394E8E-D9DD-4E06-A41B-CA73A6BD08D2}.Release|x86.Build.0 = Release|Any CPU
		{B0A30A27-2571-40B4-8E66-1A21B0271363}.Debug|Any CPU.ActiveCfg = Debug|Any CPU
		{B0A30A27-2571-40B4-8E66-1A21B0271363}.Debug|Any CPU.Build.0 = Debug|Any CPU
		{B0A30A27-2571-40B4-8E66-1A21B0271363}.Debug|Any CPU.Deploy.0 = Debug|Any CPU
		{B0A30A27-2571-40B4-8E66-1A21B0271363}.Debug|ARM.ActiveCfg = Debug|ARM
		{B0A30A27-2571-40B4-8E66-1A21B0271363}.Debug|ARM.Build.0 = Debug|ARM
		{B0A30A27-2571-40B4-8E66-1A21B0271363}.Debug|ARM.Deploy.0 = Debug|ARM
		{B0A30A27-2571-40B4-8E66-1A21B0271363}.Debug|Mixed Platforms.ActiveCfg = Debug|x86
		{B0A30A27-2571-40B4-8E66-1A21B0271363}.Debug|Mixed Platforms.Build.0 = Debug|x86
		{B0A30A27-2571-40B4-8E66-1A21B0271363}.Debug|Mixed Platforms.Deploy.0 = Debug|x86
		{B0A30A27-2571-40B4-8E66-1A21B0271363}.Debug|Win32.ActiveCfg = Debug|x86
		{B0A30A27-2571-40B4-8E66-1A21B0271363}.Debug|Win32.Build.0 = Debug|x86
		{B0A30A27-2571-40B4-8E66-1A21B0271363}.Debug|Win32.Deploy.0 = Debug|x86
		{B0A30A27-2571-40B4-8E66-1A21B0271363}.Debug|x64.ActiveCfg = Debug|x64
		{B0A30A27-2571-40B4-8E66-1A21B0271363}.Debug|x64.Build.0 = Debug|x64
		{B0A30A27-2571-40B4-8E66-1A21B0271363}.Debug|x64.Deploy.0 = Debug|x64
		{B0A30A27-2571-40B4-8E66-1A21B0271363}.Debug|x86.ActiveCfg = Debug|x86
		{B0A30A27-2571-40B4-8E66-1A21B0271363}.Debug|x86.Build.0 = Debug|x86
		{B0A30A27-2571-40B4-8E66-1A21B0271363}.Debug|x86.Deploy.0 = Debug|x86
		{B0A30A27-2571-40B4-8E66-1A21B0271363}.DebugARMPhone|Any CPU.ActiveCfg = Debug|Any CPU
		{B0A30A27-2571-40B4-8E66-1A21B0271363}.DebugARMPhone|Any CPU.Build.0 = Debug|Any CPU
		{B0A30A27-2571-40B4-8E66-1A21B0271363}.DebugARMPhone|Any CPU.Deploy.0 = Debug|Any CPU
		{B0A30A27-2571-40B4-8E66-1A21B0271363}.DebugARMPhone|ARM.ActiveCfg = Debug|ARM
		{B0A30A27-2571-40B4-8E66-1A21B0271363}.DebugARMPhone|ARM.Build.0 = Debug|ARM
		{B0A30A27-2571-40B4-8E66-1A21B0271363}.DebugARMPhone|ARM.Deploy.0 = Debug|ARM
		{B0A30A27-2571-40B4-8E66-1A21B0271363}.DebugARMPhone|Mixed Platforms.ActiveCfg = Debug|x86
		{B0A30A27-2571-40B4-8E66-1A21B0271363}.DebugARMPhone|Mixed Platforms.Build.0 = Debug|x86
		{B0A30A27-2571-40B4-8E66-1A21B0271363}.DebugARMPhone|Mixed Platforms.Deploy.0 = Debug|x86
		{B0A30A27-2571-40B4-8E66-1A21B0271363}.DebugARMPhone|Win32.ActiveCfg = Debug|x86
		{B0A30A27-2571-40B4-8E66-1A21B0271363}.DebugARMPhone|Win32.Build.0 = Debug|x86
		{B0A30A27-2571-40B4-8E66-1A21B0271363}.DebugARMPhone|Win32.Deploy.0 = Debug|x86
		{B0A30A27-2571-40B4-8E66-1A21B0271363}.DebugARMPhone|x64.ActiveCfg = Debug|x64
		{B0A30A27-2571-40B4-8E66-1A21B0271363}.DebugARMPhone|x64.Build.0 = Debug|x64
		{B0A30A27-2571-40B4-8E66-1A21B0271363}.DebugARMPhone|x64.Deploy.0 = Debug|x64
		{B0A30A27-2571-40B4-8E66-1A21B0271363}.DebugARMPhone|x86.ActiveCfg = Debug|x86
		{B0A30A27-2571-40B4-8E66-1A21B0271363}.DebugARMPhone|x86.Build.0 = Debug|x86
		{B0A30A27-2571-40B4-8E66-1A21B0271363}.DebugARMPhone|x86.Deploy.0 = Debug|x86
		{B0A30A27-2571-40B4-8E66-1A21B0271363}.Release|Any CPU.ActiveCfg = Release|Any CPU
		{B0A30A27-2571-40B4-8E66-1A21B0271363}.Release|Any CPU.Build.0 = Release|Any CPU
		{B0A30A27-2571-40B4-8E66-1A21B0271363}.Release|Any CPU.Deploy.0 = Release|Any CPU
		{B0A30A27-2571-40B4-8E66-1A21B0271363}.Release|ARM.ActiveCfg = Release|ARM
		{B0A30A27-2571-40B4-8E66-1A21B0271363}.Release|ARM.Build.0 = Release|ARM
		{B0A30A27-2571-40B4-8E66-1A21B0271363}.Release|ARM.Deploy.0 = Release|ARM
		{B0A30A27-2571-40B4-8E66-1A21B0271363}.Release|Mixed Platforms.ActiveCfg = Release|x86
		{B0A30A27-2571-40B4-8E66-1A21B0271363}.Release|Mixed Platforms.Build.0 = Release|x86
		{B0A30A27-2571-40B4-8E66-1A21B0271363}.Release|Mixed Platforms.Deploy.0 = Release|x86
		{B0A30A27-2571-40B4-8E66-1A21B0271363}.Release|Win32.ActiveCfg = Release|x86
		{B0A30A27-2571-40B4-8E66-1A21B0271363}.Release|Win32.Build.0 = Release|x86
		{B0A30A27-2571-40B4-8E66-1A21B0271363}.Release|Win32.Deploy.0 = Release|x86
		{B0A30A27-2571-40B4-8E66-1A21B0271363}.Release|x64.ActiveCfg = Release|x64
		{B0A30A27-2571-40B4-8E66-1A21B0271363}.Release|x64.Build.0 = Release|x64
		{B0A30A27-2571-40B4-8E66-1A21B0271363}.Release|x64.Deploy.0 = Release|x64
		{B0A30A27-2571-40B4-8E66-1A21B0271363}.Release|x86.ActiveCfg = Release|x86
		{B0A30A27-2571-40B4-8E66-1A21B0271363}.Release|x86.Build.0 = Release|x86
		{B0A30A27-2571-40B4-8E66-1A21B0271363}.Release|x86.Deploy.0 = Release|x86
		{FE214E0A-116C-4FA5-BA43-21BC97FCE83F}.Debug|Any CPU.ActiveCfg = Debug|Any CPU
		{FE214E0A-116C-4FA5-BA43-21BC97FCE83F}.Debug|Any CPU.Build.0 = Debug|Any CPU
		{FE214E0A-116C-4FA5-BA43-21BC97FCE83F}.Debug|Any CPU.Deploy.0 = Debug|Any CPU
		{FE214E0A-116C-4FA5-BA43-21BC97FCE83F}.Debug|ARM.ActiveCfg = Debug|ARM
		{FE214E0A-116C-4FA5-BA43-21BC97FCE83F}.Debug|ARM.Build.0 = Debug|ARM
		{FE214E0A-116C-4FA5-BA43-21BC97FCE83F}.Debug|ARM.Deploy.0 = Debug|ARM
		{FE214E0A-116C-4FA5-BA43-21BC97FCE83F}.Debug|Mixed Platforms.ActiveCfg = Debug|x86
		{FE214E0A-116C-4FA5-BA43-21BC97FCE83F}.Debug|Mixed Platforms.Build.0 = Debug|x86
		{FE214E0A-116C-4FA5-BA43-21BC97FCE83F}.Debug|Mixed Platforms.Deploy.0 = Debug|x86
		{FE214E0A-116C-4FA5-BA43-21BC97FCE83F}.Debug|Win32.ActiveCfg = Debug|x86
		{FE214E0A-116C-4FA5-BA43-21BC97FCE83F}.Debug|Win32.Build.0 = Debug|x86
		{FE214E0A-116C-4FA5-BA43-21BC97FCE83F}.Debug|Win32.Deploy.0 = Debug|x86
		{FE214E0A-116C-4FA5-BA43-21BC97FCE83F}.Debug|x64.ActiveCfg = Debug|Any CPU
		{FE214E0A-116C-4FA5-BA43-21BC97FCE83F}.Debug|x86.ActiveCfg = Debug|x86
		{FE214E0A-116C-4FA5-BA43-21BC97FCE83F}.Debug|x86.Build.0 = Debug|x86
		{FE214E0A-116C-4FA5-BA43-21BC97FCE83F}.Debug|x86.Deploy.0 = Debug|x86
		{FE214E0A-116C-4FA5-BA43-21BC97FCE83F}.DebugARMPhone|Any CPU.ActiveCfg = Debug|Any CPU
		{FE214E0A-116C-4FA5-BA43-21BC97FCE83F}.DebugARMPhone|Any CPU.Build.0 = Debug|Any CPU
		{FE214E0A-116C-4FA5-BA43-21BC97FCE83F}.DebugARMPhone|Any CPU.Deploy.0 = Debug|Any CPU
		{FE214E0A-116C-4FA5-BA43-21BC97FCE83F}.DebugARMPhone|ARM.ActiveCfg = Debug|ARM
		{FE214E0A-116C-4FA5-BA43-21BC97FCE83F}.DebugARMPhone|ARM.Build.0 = Debug|ARM
		{FE214E0A-116C-4FA5-BA43-21BC97FCE83F}.DebugARMPhone|ARM.Deploy.0 = Debug|ARM
		{FE214E0A-116C-4FA5-BA43-21BC97FCE83F}.DebugARMPhone|Mixed Platforms.ActiveCfg = Debug|ARM
		{FE214E0A-116C-4FA5-BA43-21BC97FCE83F}.DebugARMPhone|Mixed Platforms.Build.0 = Debug|ARM
		{FE214E0A-116C-4FA5-BA43-21BC97FCE83F}.DebugARMPhone|Mixed Platforms.Deploy.0 = Debug|ARM
		{FE214E0A-116C-4FA5-BA43-21BC97FCE83F}.DebugARMPhone|Win32.ActiveCfg = Debug|x86
		{FE214E0A-116C-4FA5-BA43-21BC97FCE83F}.DebugARMPhone|Win32.Build.0 = Debug|x86
		{FE214E0A-116C-4FA5-BA43-21BC97FCE83F}.DebugARMPhone|Win32.Deploy.0 = Debug|x86
		{FE214E0A-116C-4FA5-BA43-21BC97FCE83F}.DebugARMPhone|x64.ActiveCfg = Debug|Any CPU
		{FE214E0A-116C-4FA5-BA43-21BC97FCE83F}.DebugARMPhone|x86.ActiveCfg = Debug|x86
		{FE214E0A-116C-4FA5-BA43-21BC97FCE83F}.DebugARMPhone|x86.Build.0 = Debug|x86
		{FE214E0A-116C-4FA5-BA43-21BC97FCE83F}.DebugARMPhone|x86.Deploy.0 = Debug|x86
		{FE214E0A-116C-4FA5-BA43-21BC97FCE83F}.Release|Any CPU.ActiveCfg = Release|Any CPU
		{FE214E0A-116C-4FA5-BA43-21BC97FCE83F}.Release|Any CPU.Build.0 = Release|Any CPU
		{FE214E0A-116C-4FA5-BA43-21BC97FCE83F}.Release|Any CPU.Deploy.0 = Release|Any CPU
		{FE214E0A-116C-4FA5-BA43-21BC97FCE83F}.Release|ARM.ActiveCfg = Release|ARM
		{FE214E0A-116C-4FA5-BA43-21BC97FCE83F}.Release|ARM.Build.0 = Release|ARM
		{FE214E0A-116C-4FA5-BA43-21BC97FCE83F}.Release|ARM.Deploy.0 = Release|ARM
		{FE214E0A-116C-4FA5-BA43-21BC97FCE83F}.Release|Mixed Platforms.ActiveCfg = Release|ARM
		{FE214E0A-116C-4FA5-BA43-21BC97FCE83F}.Release|Mixed Platforms.Build.0 = Release|ARM
		{FE214E0A-116C-4FA5-BA43-21BC97FCE83F}.Release|Mixed Platforms.Deploy.0 = Release|ARM
		{FE214E0A-116C-4FA5-BA43-21BC97FCE83F}.Release|Win32.ActiveCfg = Release|x86
		{FE214E0A-116C-4FA5-BA43-21BC97FCE83F}.Release|Win32.Build.0 = Release|x86
		{FE214E0A-116C-4FA5-BA43-21BC97FCE83F}.Release|Win32.Deploy.0 = Release|x86
		{FE214E0A-116C-4FA5-BA43-21BC97FCE83F}.Release|x64.ActiveCfg = Release|Any CPU
		{FE214E0A-116C-4FA5-BA43-21BC97FCE83F}.Release|x86.ActiveCfg = Release|x86
		{FE214E0A-116C-4FA5-BA43-21BC97FCE83F}.Release|x86.Build.0 = Release|x86
		{FE214E0A-116C-4FA5-BA43-21BC97FCE83F}.Release|x86.Deploy.0 = Release|x86
		{7D826D03-DC30-414B-8093-51557FF40C1F}.Debug|Any CPU.ActiveCfg = Debug|Any CPU
		{7D826D03-DC30-414B-8093-51557FF40C1F}.Debug|Any CPU.Build.0 = Debug|Any CPU
		{7D826D03-DC30-414B-8093-51557FF40C1F}.Debug|Any CPU.Deploy.0 = Debug|Any CPU
		{7D826D03-DC30-414B-8093-51557FF40C1F}.Debug|ARM.ActiveCfg = Debug|ARM
		{7D826D03-DC30-414B-8093-51557FF40C1F}.Debug|ARM.Build.0 = Debug|ARM
		{7D826D03-DC30-414B-8093-51557FF40C1F}.Debug|ARM.Deploy.0 = Debug|ARM
		{7D826D03-DC30-414B-8093-51557FF40C1F}.Debug|Mixed Platforms.ActiveCfg = Debug|x86
		{7D826D03-DC30-414B-8093-51557FF40C1F}.Debug|Mixed Platforms.Build.0 = Debug|x86
		{7D826D03-DC30-414B-8093-51557FF40C1F}.Debug|Mixed Platforms.Deploy.0 = Debug|x86
		{7D826D03-DC30-414B-8093-51557FF40C1F}.Debug|Win32.ActiveCfg = Debug|x86
		{7D826D03-DC30-414B-8093-51557FF40C1F}.Debug|Win32.Build.0 = Debug|x86
		{7D826D03-DC30-414B-8093-51557FF40C1F}.Debug|Win32.Deploy.0 = Debug|x86
		{7D826D03-DC30-414B-8093-51557FF40C1F}.Debug|x64.ActiveCfg = Debug|x64
		{7D826D03-DC30-414B-8093-51557FF40C1F}.Debug|x64.Build.0 = Debug|x64
		{7D826D03-DC30-414B-8093-51557FF40C1F}.Debug|x64.Deploy.0 = Debug|x64
		{7D826D03-DC30-414B-8093-51557FF40C1F}.Debug|x86.ActiveCfg = Debug|x86
		{7D826D03-DC30-414B-8093-51557FF40C1F}.Debug|x86.Build.0 = Debug|x86
		{7D826D03-DC30-414B-8093-51557FF40C1F}.Debug|x86.Deploy.0 = Debug|x86
		{7D826D03-DC30-414B-8093-51557FF40C1F}.DebugARMPhone|Any CPU.ActiveCfg = Debug|Any CPU
		{7D826D03-DC30-414B-8093-51557FF40C1F}.DebugARMPhone|Any CPU.Build.0 = Debug|Any CPU
		{7D826D03-DC30-414B-8093-51557FF40C1F}.DebugARMPhone|Any CPU.Deploy.0 = Debug|Any CPU
		{7D826D03-DC30-414B-8093-51557FF40C1F}.DebugARMPhone|ARM.ActiveCfg = Debug|ARM
		{7D826D03-DC30-414B-8093-51557FF40C1F}.DebugARMPhone|ARM.Build.0 = Debug|ARM
		{7D826D03-DC30-414B-8093-51557FF40C1F}.DebugARMPhone|ARM.Deploy.0 = Debug|ARM
		{7D826D03-DC30-414B-8093-51557FF40C1F}.DebugARMPhone|Mixed Platforms.ActiveCfg = Debug|x86
		{7D826D03-DC30-414B-8093-51557FF40C1F}.DebugARMPhone|Mixed Platforms.Build.0 = Debug|x86
		{7D826D03-DC30-414B-8093-51557FF40C1F}.DebugARMPhone|Mixed Platforms.Deploy.0 = Debug|x86
		{7D826D03-DC30-414B-8093-51557FF40C1F}.DebugARMPhone|Win32.ActiveCfg = Debug|x86
		{7D826D03-DC30-414B-8093-51557FF40C1F}.DebugARMPhone|Win32.Build.0 = Debug|x86
		{7D826D03-DC30-414B-8093-51557FF40C1F}.DebugARMPhone|Win32.Deploy.0 = Debug|x86
		{7D826D03-DC30-414B-8093-51557FF40C1F}.DebugARMPhone|x64.ActiveCfg = Debug|x64
		{7D826D03-DC30-414B-8093-51557FF40C1F}.DebugARMPhone|x64.Build.0 = Debug|x64
		{7D826D03-DC30-414B-8093-51557FF40C1F}.DebugARMPhone|x64.Deploy.0 = Debug|x64
		{7D826D03-DC30-414B-8093-51557FF40C1F}.DebugARMPhone|x86.ActiveCfg = Debug|x86
		{7D826D03-DC30-414B-8093-51557FF40C1F}.DebugARMPhone|x86.Build.0 = Debug|x86
		{7D826D03-DC30-414B-8093-51557FF40C1F}.DebugARMPhone|x86.Deploy.0 = Debug|x86
		{7D826D03-DC30-414B-8093-51557FF40C1F}.Release|Any CPU.ActiveCfg = Release|Any CPU
		{7D826D03-DC30-414B-8093-51557FF40C1F}.Release|Any CPU.Build.0 = Release|Any CPU
		{7D826D03-DC30-414B-8093-51557FF40C1F}.Release|Any CPU.Deploy.0 = Release|Any CPU
		{7D826D03-DC30-414B-8093-51557FF40C1F}.Release|ARM.ActiveCfg = Release|ARM
		{7D826D03-DC30-414B-8093-51557FF40C1F}.Release|ARM.Build.0 = Release|ARM
		{7D826D03-DC30-414B-8093-51557FF40C1F}.Release|ARM.Deploy.0 = Release|ARM
		{7D826D03-DC30-414B-8093-51557FF40C1F}.Release|Mixed Platforms.ActiveCfg = Release|x86
		{7D826D03-DC30-414B-8093-51557FF40C1F}.Release|Mixed Platforms.Build.0 = Release|x86
		{7D826D03-DC30-414B-8093-51557FF40C1F}.Release|Mixed Platforms.Deploy.0 = Release|x86
		{7D826D03-DC30-414B-8093-51557FF40C1F}.Release|Win32.ActiveCfg = Release|x86
		{7D826D03-DC30-414B-8093-51557FF40C1F}.Release|Win32.Build.0 = Release|x86
		{7D826D03-DC30-414B-8093-51557FF40C1F}.Release|Win32.Deploy.0 = Release|x86
		{7D826D03-DC30-414B-8093-51557FF40C1F}.Release|x64.ActiveCfg = Release|x64
		{7D826D03-DC30-414B-8093-51557FF40C1F}.Release|x64.Build.0 = Release|x64
		{7D826D03-DC30-414B-8093-51557FF40C1F}.Release|x64.Deploy.0 = Release|x64
		{7D826D03-DC30-414B-8093-51557FF40C1F}.Release|x86.ActiveCfg = Release|x86
		{7D826D03-DC30-414B-8093-51557FF40C1F}.Release|x86.Build.0 = Release|x86
		{7D826D03-DC30-414B-8093-51557FF40C1F}.Release|x86.Deploy.0 = Release|x86
	EndGlobalSection
	GlobalSection(SolutionProperties) = preSolution
		HideSolutionNode = FALSE
	EndGlobalSection
	GlobalSection(NestedProjects) = preSolution
		{35ED3845-5686-447B-A45E-D831FF9E77B1} = {7658DC6D-FCA0-4D5D-886D-AB76E760907A}
		{74E04A41-DFC2-4C7B-AAF2-D91311945349} = {7658DC6D-FCA0-4D5D-886D-AB76E760907A}
		{6C35A016-A74D-4113-B54D-0EEABC89317D} = {7658DC6D-FCA0-4D5D-886D-AB76E760907A}
		{B29C9C2E-AD21-48C2-BA54-8E32D9D7CE23} = {054A7B0D-96E3-4696-9073-238FD10FFC3C}
		{83EF1E5A-0867-49EF-BFB0-13F1F990B775} = {054A7B0D-96E3-4696-9073-238FD10FFC3C}
		{92EE6C64-4C6D-4823-8690-CC8139AE566D} = {054A7B0D-96E3-4696-9073-238FD10FFC3C}
		{5658FD30-14E9-4604-BC2B-D88EBCD0F83A} = {D5E42A50-D7F3-4903-A038-7EC42203A59F}
		{B14DAC37-2EBE-44CC-A660-6B9B2EED4C79} = {D5E42A50-D7F3-4903-A038-7EC42203A59F}
		{83BE2176-0139-4FF1-816B-BC0A15AF553A} = {D5E42A50-D7F3-4903-A038-7EC42203A59F}
		{98225E68-A574-4ACB-8C8F-BE449CD5FE75} = {89DB3AAB-A21D-4DA7-90C1-D6C3B729D399}
		{B0A30A27-2571-40B4-8E66-1A21B0271363} = {89DB3AAB-A21D-4DA7-90C1-D6C3B729D399}
		{FE214E0A-116C-4FA5-BA43-21BC97FCE83F} = {89DB3AAB-A21D-4DA7-90C1-D6C3B729D399}
		{7D826D03-DC30-414B-8093-51557FF40C1F} = {89DB3AAB-A21D-4DA7-90C1-D6C3B729D399}
	EndGlobalSection
EndGlobal
